
Microsoft Visual Studio Solution File, Format Version 12.00
# Visual Studio Version 17
VisualStudioVersion = 17.1.32210.238
MinimumVisualStudioVersion = 10.0.40219.1
Project("{FAE04EC0-301F-11D3-BF4B-00C04F79EFBC}") = "RegistrationApp", "RegistrationApp\RegistrationApp.csproj", "{2DDBDE16-9FB1-4C1D-9FAD-FFBE7BFF03EC}"
EndProject
Global
	GlobalSection(SolutionConfigurationPlatforms) = preSolution
		Debug|Any CPU = Debug|Any CPU
		Release|Any CPU = Release|Any CPU
	EndGlobalSection
	GlobalSection(ProjectConfigurationPlatforms) = postSolution
		{2DDBDE16-9FB1-4C1D-9FAD-FFBE7BFF03EC}.Debug|Any CPU.ActiveCfg = Debug|Any CPU
		{2DDBDE16-9FB1-4C1D-9FAD-FFBE7BFF03EC}.Debug|Any CPU.Build.0 = Debug|Any CPU
		{2DDBDE16-9FB1-4C1D-9FAD-FFBE7BFF03EC}.Debug|Any CPU.Deploy.0 = Debug|Any CPU
		{2DDBDE16-9FB1-4C1D-9FAD-FFBE7BFF03EC}.Release|Any CPU.ActiveCfg = Release|Any CPU
		{2DDBDE16-9FB1-4C1D-9FAD-FFBE7BFF03EC}.Release|Any CPU.Build.0 = Release|Any CPU
		{2DDBDE16-9FB1-4C1D-9FAD-FFBE7BFF03EC}.Release|Any CPU.Deploy.0 = Release|Any CPU
	EndGlobalSection
	GlobalSection(SolutionProperties) = preSolution
		HideSolutionNode = FALSE
	EndGlobalSection
	GlobalSection(ExtensibilityGlobals) = postSolution
		SolutionGuid = {176E0324-6A9D-4771-8029-B698C49FA869}
	EndGlobalSection
EndGlobal
